[[package]]
name = "cpuio"
version = "0.2.0"
source = "registry+https://github.com/rust-lang/crates.io-index"

[[package]]
name = "kvm-fw"
version = "0.1.0"
dependencies = [
 "cpuio 0.2.0 (registry+https://github.com/rust-lang/crates.io-index)",
]

[metadata]
"checksum cpuio 0.2.0 (registry+https://github.com/rust-lang/crates.io-index)" = "22b8e308ccfc5acf3b82f79c0eac444cf6114cb2ac67a230ca6c177210068daa"
